PODS:
  - Hermes/jsi (0.5.0)

DEPENDENCIES:
  - Hermes/jsi (from `/Users/eloy/Code/ReactNative/Hermes/src`)

EXTERNAL SOURCES:
  Hermes:
    :path: "/Users/eloy/Code/ReactNative/Hermes/src"

SPEC CHECKSUMS:
  Hermes: c107ea029ce0884a00bc1523edd40416e40ca839

PODFILE CHECKSUM: 3cd8a26a4001bb5434483a60b60a04322f53a85d

COCOAPODS: 1.8.4
