PODS:
  - Hermes/dtoa (0.5.0)
  - Hermes/jsi (0.5.0)

DEPENDENCIES:
  - Hermes/dtoa (from `/Users/eloy/Code/ReactNative/Hermes/src`)
  - Hermes/jsi (from `/Users/eloy/Code/ReactNative/Hermes/src`)

EXTERNAL SOURCES:
  Hermes:
    :path: "/Users/eloy/Code/ReactNative/Hermes/src"

SPEC CHECKSUMS:
  Hermes: b94b5b30aa60b864be0a18c8b14e661a924f91e8

PODFILE CHECKSUM: 5ebb73f073dc64e9eb4eb47665dd0e8b9039d33a

COCOAPODS: 1.8.4
